{
  "name": "src",
  "lockfileVersion": 2,
  "requires": true,
  "packages": {
    "": {
      "dependencies": {
        "@braze/web-sdk": "^4.0.4"
      }
    },
    "node_modules/@braze/web-sdk": {
      "version": "4.0.4",
      "resolved": "https://registry.npmjs.org/@braze/web-sdk/-/web-sdk-4.0.4.tgz",
      "integrity": "sha512-Q8BxRSObq+gKw1+/Lt6YLqfdXgi4xTOCu+1MX1nXaowz6QOpq3PHefbN05GLQbF2eGgHFDV78ENn+Q6rJIlEgw=="
    }
  },
  "dependencies": {
    "@braze/web-sdk": {
      "version": "4.0.4",
      "resolved": "https://registry.npmjs.org/@braze/web-sdk/-/web-sdk-4.0.4.tgz",
      "integrity": "sha512-Q8BxRSObq+gKw1+/Lt6YLqfdXgi4xTOCu+1MX1nXaowz6QOpq3PHefbN05GLQbF2eGgHFDV78ENn+Q6rJIlEgw=="
    }
  }
}
